
Microsoft Visual Studio Solution File, Format Version 12.00
# Visual Studio Version 17
VisualStudioVersion = 17.3.32929.385
MinimumVisualStudioVersion = 10.0.40219.1
Project("{FAE04EC0-301F-11D3-BF4B-00C04F79EFBC}") = "Replybot", "Replybot\Replybot.csproj", "{F9DBF884-24ED-4A14-BD47-33D9AD7ECD7B}"
EndProject
Global
	GlobalSection(SolutionConfigurationPlatforms) = preSolution
		Debug|Any CPU = Debug|Any CPU
		Release|Any CPU = Release|Any CPU
	EndGlobalSection
	GlobalSection(ProjectConfigurationPlatforms) = postSolution
		{F9DBF884-24ED-4A14-BD47-33D9AD7ECD7B}.Debug|Any CPU.ActiveCfg = Debug|Any CPU
		{F9DBF884-24ED-4A14-BD47-33D9AD7ECD7B}.Debug|Any CPU.Build.0 = Debug|Any CPU
		{F9DBF884-24ED-4A14-BD47-33D9AD7ECD7B}.Release|Any CPU.ActiveCfg = Release|Any CPU
		{F9DBF884-24ED-4A14-BD47-33D9AD7ECD7B}.Release|Any CPU.Build.0 = Release|Any CPU
	EndGlobalSection
	GlobalSection(SolutionProperties) = preSolution
		HideSolutionNode = FALSE
	EndGlobalSection
	GlobalSection(ExtensibilityGlobals) = postSolution
		SolutionGuid = {D289717B-ED61-4472-A217-D4F8D4516622}
	EndGlobalSection
EndGlobal
